{
	"name": "graphql-simplified",
	"lockfileVersion": 3,
	"requires": true,
	"packages": {
		"": {
			"dependencies": {
				"@graphql-tools/schema": "^10.0.16"
			},
			"devDependencies": {
				"@biomejs/biome": "1.9.4",
				"@rollup/plugin-commonjs": "^28.0.2",
				"@rollup/plugin-node-resolve": "^16.0.0",
				"oracledb": "^6.7.1",
				"rollup": "^4.34.4"
			}
		},
		"node_modules/@biomejs/biome": {
			"version": "1.9.4",
			"resolved": "https://registry.npmjs.org/@biomejs/biome/-/biome-1.9.4.tgz",
			"integrity": "sha512-1rkd7G70+o9KkTn5KLmDYXihGoTaIGO9PIIN2ZB7UJxFrWw04CZHPYiMRjYsaDvVV7hP1dYNRLxSANLaBFGpog==",
			"dev": true,
			"hasInstallScript": true,
			"license": "MIT OR Apache-2.0",
			"bin": {
				"biome": "bin/biome"
			},
			"engines": {
				"node": ">=14.21.3"
			},
			"funding": {
				"type": "opencollective",
				"url": "https://opencollective.com/biome"
			},
			"optionalDependencies": {
				"@biomejs/cli-darwin-arm64": "1.9.4",
				"@biomejs/cli-darwin-x64": "1.9.4",
				"@biomejs/cli-linux-arm64": "1.9.4",
				"@biomejs/cli-linux-arm64-musl": "1.9.4",
				"@biomejs/cli-linux-x64": "1.9.4",
				"@biomejs/cli-linux-x64-musl": "1.9.4",
				"@biomejs/cli-win32-arm64": "1.9.4",
				"@biomejs/cli-win32-x64": "1.9.4"
			}
		},
		"node_modules/@biomejs/cli-linux-x64": {
			"version": "1.9.4",
			"resolved": "https://registry.npmjs.org/@biomejs/cli-linux-x64/-/cli-linux-x64-1.9.4.tgz",
			"integrity": "sha512-lRCJv/Vi3Vlwmbd6K+oQ0KhLHMAysN8lXoCI7XeHlxaajk06u7G+UsFSO01NAs5iYuWKmVZjmiOzJ0OJmGsMwg==",
			"cpu": [
				"x64"
			],
			"dev": true,
			"license": "MIT OR Apache-2.0",
			"optional": true,
			"os": [
				"linux"
			],
			"engines": {
				"node": ">=14.21.3"
			}
		},
		"node_modules/@graphql-tools/merge": {
			"version": "9.0.17",
			"resolved": "https://registry.npmjs.org/@graphql-tools/merge/-/merge-9.0.17.tgz",
			"integrity": "sha512-3K4g8KKbIqfdmK0L5+VtZsqwAeElPkvT5ejiH+KEhn2wyKNCi4HYHxpQk8xbu+dSwLlm9Lhet1hylpo/mWCkuQ==",
			"license": "MIT",
			"dependencies": {
				"@graphql-tools/utils": "^10.7.2",
				"tslib": "^2.4.0"
			},
			"engines": {
				"node": ">=16.0.0"
			},
			"peerDependencies": {
				"graphql": "^14.0.0 || ^15.0.0 || ^16.0.0 || ^17.0.0"
			}
		},
		"node_modules/@graphql-tools/schema": {
			"version": "10.0.16",
			"resolved": "https://registry.npmjs.org/@graphql-tools/schema/-/schema-10.0.16.tgz",
			"integrity": "sha512-G2zgb8hNg9Sx6Z2FSXm57ToNcwMls9A9cUm+EsCrnGGDsryzN5cONYePUpSGj5NCFivVp3o1FT5dg19P/1qeqQ==",
			"license": "MIT",
			"dependencies": {
				"@graphql-tools/merge": "^9.0.17",
				"@graphql-tools/utils": "^10.7.2",
				"tslib": "^2.4.0",
				"value-or-promise": "^1.0.12"
			},
			"engines": {
				"node": ">=16.0.0"
			},
			"peerDependencies": {
				"graphql": "^14.0.0 || ^15.0.0 || ^16.0.0 || ^17.0.0"
			}
		},
		"node_modules/@graphql-tools/utils": {
			"version": "10.7.2",
			"resolved": "https://registry.npmjs.org/@graphql-tools/utils/-/utils-10.7.2.tgz",
			"integrity": "sha512-Wn85S+hfkzfVFpXVrQ0hjnePa3p28aB6IdAGCiD1SqBCSMDRzL+OFEtyAyb30nV9Mqflqs9lCqjqlR2puG857Q==",
			"license": "MIT",
			"dependencies": {
				"@graphql-typed-document-node/core": "^3.1.1",
				"cross-inspect": "1.0.1",
				"dset": "^3.1.4",
				"tslib": "^2.4.0"
			},
			"engines": {
				"node": ">=16.0.0"
			},
			"peerDependencies": {
				"graphql": "^14.0.0 || ^15.0.0 || ^16.0.0 || ^17.0.0"
			}
		},
		"node_modules/@graphql-typed-document-node/core": {
			"version": "3.2.0",
			"resolved": "https://registry.npmjs.org/@graphql-typed-document-node/core/-/core-3.2.0.tgz",
			"integrity": "sha512-mB9oAsNCm9aM3/SOv4YtBMqZbYj10R7dkq8byBqxGY/ncFwhf2oQzMV+LCRlWoDSEBJ3COiR1yeDvMtsoOsuFQ==",
			"license": "MIT",
			"peerDependencies": {
				"graphql": "^0.8.0 || ^0.9.0 || ^0.10.0 || ^0.11.0 || ^0.12.0 || ^0.13.0 || ^14.0.0 || ^15.0.0 || ^16.0.0 || ^17.0.0"
			}
		},
		"node_modules/@jridgewell/sourcemap-codec": {
			"version": "1.5.0",
			"resolved": "https://registry.npmjs.org/@jridgewell/sourcemap-codec/-/sourcemap-codec-1.5.0.tgz",
			"integrity": "sha512-gv3ZRaISU3fjPAgNsriBRqGWQL6quFx04YMPW/zD8XMLsU32mhCCbfbO6KZFLjvYpCZ8zyDEgqsgf+PwPaM7GQ==",
			"dev": true,
			"license": "MIT"
		},
		"node_modules/@rollup/plugin-commonjs": {
			"version": "28.0.2",
			"resolved": "https://registry.npmjs.org/@rollup/plugin-commonjs/-/plugin-commonjs-28.0.2.tgz",
			"integrity": "sha512-BEFI2EDqzl+vA1rl97IDRZ61AIwGH093d9nz8+dThxJNH8oSoB7MjWvPCX3dkaK1/RCJ/1v/R1XB15FuSs0fQw==",
			"dev": true,
			"license": "MIT",
			"dependencies": {
				"@rollup/pluginutils": "^5.0.1",
				"commondir": "^1.0.1",
				"estree-walker": "^2.0.2",
				"fdir": "^6.2.0",
				"is-reference": "1.2.1",
				"magic-string": "^0.30.3",
				"picomatch": "^4.0.2"
			},
			"engines": {
				"node": ">=16.0.0 || 14 >= 14.17"
			},
			"peerDependencies": {
				"rollup": "^2.68.0||^3.0.0||^4.0.0"
			},
			"peerDependenciesMeta": {
				"rollup": {
					"optional": true
				}
			}
		},
		"node_modules/@rollup/plugin-node-resolve": {
			"version": "16.0.0",
			"resolved": "https://registry.npmjs.org/@rollup/plugin-node-resolve/-/plugin-node-resolve-16.0.0.tgz",
			"integrity": "sha512-0FPvAeVUT/zdWoO0jnb/V5BlBsUSNfkIOtFHzMO4H9MOklrmQFY6FduVHKucNb/aTFxvnGhj4MNj/T1oNdDfNg==",
			"dev": true,
			"license": "MIT",
			"dependencies": {
				"@rollup/pluginutils": "^5.0.1",
				"@types/resolve": "1.20.2",
				"deepmerge": "^4.2.2",
				"is-module": "^1.0.0",
				"resolve": "^1.22.1"
			},
			"engines": {
				"node": ">=14.0.0"
			},
			"peerDependencies": {
				"rollup": "^2.78.0||^3.0.0||^4.0.0"
			},
			"peerDependenciesMeta": {
				"rollup": {
					"optional": true
				}
			}
		},
		"node_modules/@rollup/pluginutils": {
			"version": "5.1.4",
			"resolved": "https://registry.npmjs.org/@rollup/pluginutils/-/pluginutils-5.1.4.tgz",
			"integrity": "sha512-USm05zrsFxYLPdWWq+K3STlWiT/3ELn3RcV5hJMghpeAIhxfsUIg6mt12CBJBInWMV4VneoV7SfGv8xIwo2qNQ==",
			"dev": true,
			"license": "MIT",
			"dependencies": {
				"@types/estree": "^1.0.0",
				"estree-walker": "^2.0.2",
				"picomatch": "^4.0.2"
			},
			"engines": {
				"node": ">=14.0.0"
			},
			"peerDependencies": {
				"rollup": "^1.20.0||^2.0.0||^3.0.0||^4.0.0"
			},
			"peerDependenciesMeta": {
				"rollup": {
					"optional": true
				}
			}
		},
		"node_modules/@rollup/rollup-android-arm-eabi": {
			"version": "4.34.4",
			"resolved": "https://registry.npmjs.org/@rollup/rollup-android-arm-eabi/-/rollup-android-arm-eabi-4.34.4.tgz",
			"integrity": "sha512-gGi5adZWvjtJU7Axs//CWaQbQd/vGy8KGcnEaCWiyCqxWYDxwIlAHFuSe6Guoxtd0SRvSfVTDMPd5H+4KE2kKA==",
			"cpu": [
				"arm"
			],
			"dev": true,
			"license": "MIT",
			"optional": true,
			"os": [
				"android"
			]
		},
		"node_modules/@rollup/rollup-android-arm64": {
			"version": "4.34.4",
			"resolved": "https://registry.npmjs.org/@rollup/rollup-android-arm64/-/rollup-android-arm64-4.34.4.tgz",
			"integrity": "sha512-1aRlh1gqtF7vNPMnlf1vJKk72Yshw5zknR/ZAVh7zycRAGF2XBMVDAHmFQz/Zws5k++nux3LOq/Ejj1WrDR6xg==",
			"cpu": [
				"arm64"
			],
			"dev": true,
			"license": "MIT",
			"optional": true,
			"os": [
				"android"
			]
		},
		"node_modules/@rollup/rollup-darwin-arm64": {
			"version": "4.34.4",
			"resolved": "https://registry.npmjs.org/@rollup/rollup-darwin-arm64/-/rollup-darwin-arm64-4.34.4.tgz",
			"integrity": "sha512-drHl+4qhFj+PV/jrQ78p9ch6A0MfNVZScl/nBps5a7u01aGf/GuBRrHnRegA9bP222CBDfjYbFdjkIJ/FurvSQ==",
			"cpu": [
				"arm64"
			],
			"dev": true,
			"license": "MIT",
			"optional": true,
			"os": [
				"darwin"
			]
		},
		"node_modules/@rollup/rollup-darwin-x64": {
			"version": "4.34.4",
			"resolved": "https://registry.npmjs.org/@rollup/rollup-darwin-x64/-/rollup-darwin-x64-4.34.4.tgz",
			"integrity": "sha512-hQqq/8QALU6t1+fbNmm6dwYsa0PDD4L5r3TpHx9dNl+aSEMnIksHZkSO3AVH+hBMvZhpumIGrTFj8XCOGuIXjw==",
			"cpu": [
				"x64"
			],
			"dev": true,
			"license": "MIT",
			"optional": true,
			"os": [
				"darwin"
			]
		},
		"node_modules/@rollup/rollup-freebsd-arm64": {
			"version": "4.34.4",
			"resolved": "https://registry.npmjs.org/@rollup/rollup-freebsd-arm64/-/rollup-freebsd-arm64-4.34.4.tgz",
			"integrity": "sha512-/L0LixBmbefkec1JTeAQJP0ETzGjFtNml2gpQXA8rpLo7Md+iXQzo9kwEgzyat5Q+OG/C//2B9Fx52UxsOXbzw==",
			"cpu": [
				"arm64"
			],
			"dev": true,
			"license": "MIT",
			"optional": true,
			"os": [
				"freebsd"
			]
		},
		"node_modules/@rollup/rollup-freebsd-x64": {
			"version": "4.34.4",
			"resolved": "https://registry.npmjs.org/@rollup/rollup-freebsd-x64/-/rollup-freebsd-x64-4.34.4.tgz",
			"integrity": "sha512-6Rk3PLRK+b8L/M6m/x6Mfj60LhAUcLJ34oPaxufA+CfqkUrDoUPQYFdRrhqyOvtOKXLJZJwxlOLbQjNYQcRQfw==",
			"cpu": [
				"x64"
			],
			"dev": true,
			"license": "MIT",
			"optional": true,
			"os": [
				"freebsd"
			]
		},
		"node_modules/@rollup/rollup-linux-arm-gnueabihf": {
			"version": "4.34.4",
			"resolved": "https://registry.npmjs.org/@rollup/rollup-linux-arm-gnueabihf/-/rollup-linux-arm-gnueabihf-4.34.4.tgz",
			"integrity": "sha512-kmT3x0IPRuXY/tNoABp2nDvI9EvdiS2JZsd4I9yOcLCCViKsP0gB38mVHOhluzx+SSVnM1KNn9k6osyXZhLoCA==",
			"cpu": [
				"arm"
			],
			"dev": true,
			"license": "MIT",
			"optional": true,
			"os": [
				"linux"
			]
		},
		"node_modules/@rollup/rollup-linux-arm-musleabihf": {
			"version": "4.34.4",
			"resolved": "https://registry.npmjs.org/@rollup/rollup-linux-arm-musleabihf/-/rollup-linux-arm-musleabihf-4.34.4.tgz",
			"integrity": "sha512-3iSA9tx+4PZcJH/Wnwsvx/BY4qHpit/u2YoZoXugWVfc36/4mRkgGEoRbRV7nzNBSCOgbWMeuQ27IQWgJ7tRzw==",
			"cpu": [
				"arm"
			],
			"dev": true,
			"license": "MIT",
			"optional": true,
			"os": [
				"linux"
			]
		},
		"node_modules/@rollup/rollup-linux-arm64-gnu": {
			"version": "4.34.4",
			"resolved": "https://registry.npmjs.org/@rollup/rollup-linux-arm64-gnu/-/rollup-linux-arm64-gnu-4.34.4.tgz",
			"integrity": "sha512-7CwSJW+sEhM9sESEk+pEREF2JL0BmyCro8UyTq0Kyh0nu1v0QPNY3yfLPFKChzVoUmaKj8zbdgBxUhBRR+xGxg==",
			"cpu": [
				"arm64"
			],
			"dev": true,
			"license": "MIT",
			"optional": true,
			"os": [
				"linux"
			]
		},
		"node_modules/@rollup/rollup-linux-arm64-musl": {
			"version": "4.34.4",
			"resolved": "https://registry.npmjs.org/@rollup/rollup-linux-arm64-musl/-/rollup-linux-arm64-musl-4.34.4.tgz",
			"integrity": "sha512-GZdafB41/4s12j8Ss2izofjeFXRAAM7sHCb+S4JsI9vaONX/zQ8cXd87B9MRU/igGAJkKvmFmJJBeeT9jJ5Cbw==",
			"cpu": [
				"arm64"
			],
			"dev": true,
			"license": "MIT",
			"optional": true,
			"os": [
				"linux"
			]
		},
		"node_modules/@rollup/rollup-linux-loongarch64-gnu": {
			"version": "4.34.4",
			"resolved": "https://registry.npmjs.org/@rollup/rollup-linux-loongarch64-gnu/-/rollup-linux-loongarch64-gnu-4.34.4.tgz",
			"integrity": "sha512-uuphLuw1X6ur11675c2twC6YxbzyLSpWggvdawTUamlsoUv81aAXRMPBC1uvQllnBGls0Qt5Siw8reSIBnbdqQ==",
			"cpu": [
				"loong64"
			],
			"dev": true,
			"license": "MIT",
			"optional": true,
			"os": [
				"linux"
			]
		},
		"node_modules/@rollup/rollup-linux-powerpc64le-gnu": {
			"version": "4.34.4",
			"resolved": "https://registry.npmjs.org/@rollup/rollup-linux-powerpc64le-gnu/-/rollup-linux-powerpc64le-gnu-4.34.4.tgz",
			"integrity": "sha512-KvLEw1os2gSmD6k6QPCQMm2T9P2GYvsMZMRpMz78QpSoEevHbV/KOUbI/46/JRalhtSAYZBYLAnT9YE4i/l4vg==",
			"cpu": [
				"ppc64"
			],
			"dev": true,
			"license": "MIT",
			"optional": true,
			"os": [
				"linux"
			]
		},
		"node_modules/@rollup/rollup-linux-riscv64-gnu": {
			"version": "4.34.4",
			"resolved": "https://registry.npmjs.org/@rollup/rollup-linux-riscv64-gnu/-/rollup-linux-riscv64-gnu-4.34.4.tgz",
			"integrity": "sha512-wcpCLHGM9yv+3Dql/CI4zrY2mpQ4WFergD3c9cpRowltEh5I84pRT/EuHZsG0In4eBPPYthXnuR++HrFkeqwkA==",
			"cpu": [
				"riscv64"
			],
			"dev": true,
			"license": "MIT",
			"optional": true,
			"os": [
				"linux"
			]
		},
		"node_modules/@rollup/rollup-linux-s390x-gnu": {
			"version": "4.34.4",
			"resolved": "https://registry.npmjs.org/@rollup/rollup-linux-s390x-gnu/-/rollup-linux-s390x-gnu-4.34.4.tgz",
			"integrity": "sha512-nLbfQp2lbJYU8obhRQusXKbuiqm4jSJteLwfjnunDT5ugBKdxqw1X9KWwk8xp1OMC6P5d0WbzxzhWoznuVK6XA==",
			"cpu": [
				"s390x"
			],
			"dev": true,
			"license": "MIT",
			"optional": true,
			"os": [
				"linux"
			]
		},
		"node_modules/@rollup/rollup-linux-x64-gnu": {
			"version": "4.34.4",
			"resolved": "https://registry.npmjs.org/@rollup/rollup-linux-x64-gnu/-/rollup-linux-x64-gnu-4.34.4.tgz",
			"integrity": "sha512-JGejzEfVzqc/XNiCKZj14eb6s5w8DdWlnQ5tWUbs99kkdvfq9btxxVX97AaxiUX7xJTKFA0LwoS0KU8C2faZRg==",
			"cpu": [
				"x64"
			],
			"dev": true,
			"license": "MIT",
			"optional": true,
			"os": [
				"linux"
			]
		},
		"node_modules/@rollup/rollup-linux-x64-musl": {
			"version": "4.34.4",
			"resolved": "https://registry.npmjs.org/@rollup/rollup-linux-x64-musl/-/rollup-linux-x64-musl-4.34.4.tgz",
			"integrity": "sha512-/iFIbhzeyZZy49ozAWJ1ZR2KW6ZdYUbQXLT4O5n1cRZRoTpwExnHLjlurDXXPKEGxiAg0ujaR9JDYKljpr2fDg==",
			"cpu": [
				"x64"
			],
			"dev": true,
			"license": "MIT",
			"optional": true,
			"os": [
				"linux"
			]
		},
		"node_modules/@rollup/rollup-win32-arm64-msvc": {
			"version": "4.34.4",
			"resolved": "https://registry.npmjs.org/@rollup/rollup-win32-arm64-msvc/-/rollup-win32-arm64-msvc-4.34.4.tgz",
			"integrity": "sha512-qORc3UzoD5UUTneiP2Afg5n5Ti1GAW9Gp5vHPxzvAFFA3FBaum9WqGvYXGf+c7beFdOKNos31/41PRMUwh1tpA==",
			"cpu": [
				"arm64"
			],
			"dev": true,
			"license": "MIT",
			"optional": true,
			"os": [
				"win32"
			]
		},
		"node_modules/@rollup/rollup-win32-ia32-msvc": {
			"version": "4.34.4",
			"resolved": "https://registry.npmjs.org/@rollup/rollup-win32-ia32-msvc/-/rollup-win32-ia32-msvc-4.34.4.tgz",
			"integrity": "sha512-5g7E2PHNK2uvoD5bASBD9aelm44nf1w4I5FEI7MPHLWcCSrR8JragXZWgKPXk5i2FU3JFfa6CGZLw2RrGBHs2Q==",
			"cpu": [
				"ia32"
			],
			"dev": true,
			"license": "MIT",
			"optional": true,
			"os": [
				"win32"
			]
		},
		"node_modules/@rollup/rollup-win32-x64-msvc": {
			"version": "4.34.4",
			"resolved": "https://registry.npmjs.org/@rollup/rollup-win32-x64-msvc/-/rollup-win32-x64-msvc-4.34.4.tgz",
			"integrity": "sha512-p0scwGkR4kZ242xLPBuhSckrJ734frz6v9xZzD+kHVYRAkSUmdSLCIJRfql6H5//aF8Q10K+i7q8DiPfZp0b7A==",
			"cpu": [
				"x64"
			],
			"dev": true,
			"license": "MIT",
			"optional": true,
			"os": [
				"win32"
			]
		},
		"node_modules/@types/estree": {
			"version": "1.0.6",
			"resolved": "https://registry.npmjs.org/@types/estree/-/estree-1.0.6.tgz",
			"integrity": "sha512-AYnb1nQyY49te+VRAVgmzfcgjYS91mY5P0TKUDCLEM+gNnA+3T6rWITXRLYCpahpqSQbN5cE+gHpnPyXjHWxcw==",
			"dev": true,
			"license": "MIT"
		},
		"node_modules/@types/resolve": {
			"version": "1.20.2",
			"resolved": "https://registry.npmjs.org/@types/resolve/-/resolve-1.20.2.tgz",
			"integrity": "sha512-60BCwRFOZCQhDncwQdxxeOEEkbc5dIMccYLwbxsS4TUNeVECQ/pBJ0j09mrHOl/JJvpRPGwO9SvE4nR2Nb/a4Q==",
			"dev": true,
			"license": "MIT"
		},
		"node_modules/commondir": {
			"version": "1.0.1",
			"resolved": "https://registry.npmjs.org/commondir/-/commondir-1.0.1.tgz",
			"integrity": "sha512-W9pAhw0ja1Edb5GVdIF1mjZw/ASI0AlShXM83UUGe2DVr5TdAPEA1OA8m/g8zWp9x6On7gqufY+FatDbC3MDQg==",
			"dev": true,
			"license": "MIT"
		},
		"node_modules/cross-inspect": {
			"version": "1.0.1",
			"resolved": "https://registry.npmjs.org/cross-inspect/-/cross-inspect-1.0.1.tgz",
			"integrity": "sha512-Pcw1JTvZLSJH83iiGWt6fRcT+BjZlCDRVwYLbUcHzv/CRpB7r0MlSrGbIyQvVSNyGnbt7G4AXuyCiDR3POvZ1A==",
			"license": "MIT",
			"dependencies": {
				"tslib": "^2.4.0"
			},
			"engines": {
				"node": ">=16.0.0"
			}
		},
		"node_modules/deepmerge": {
			"version": "4.3.1",
			"resolved": "https://registry.npmjs.org/deepmerge/-/deepmerge-4.3.1.tgz",
			"integrity": "sha512-3sUqbMEc77XqpdNO7FRyRog+eW3ph+GYCbj+rK+uYyRMuwsVy0rMiVtPn+QJlKFvWP/1PYpapqYn0Me2knFn+A==",
			"dev": true,
			"license": "MIT",
			"engines": {
				"node": ">=0.10.0"
			}
		},
		"node_modules/dset": {
			"version": "3.1.4",
			"resolved": "https://registry.npmjs.org/dset/-/dset-3.1.4.tgz",
			"integrity": "sha512-2QF/g9/zTaPDc3BjNcVTGoBbXBgYfMTTceLaYcFJ/W9kggFUkhxD/hMEeuLKbugyef9SqAx8cpgwlIP/jinUTA==",
			"license": "MIT",
			"engines": {
				"node": ">=4"
			}
		},
		"node_modules/estree-walker": {
			"version": "2.0.2",
			"resolved": "https://registry.npmjs.org/estree-walker/-/estree-walker-2.0.2.tgz",
			"integrity": "sha512-Rfkk/Mp/DL7JVje3u18FxFujQlTNR2q6QfMSMB7AvCBx91NGj/ba3kCfza0f6dVDbw7YlRf/nDrn7pQrCCyQ/w==",
			"dev": true,
			"license": "MIT"
		},
		"node_modules/fdir": {
			"version": "6.4.3",
			"resolved": "https://registry.npmjs.org/fdir/-/fdir-6.4.3.tgz",
			"integrity": "sha512-PMXmW2y1hDDfTSRc9gaXIuCCRpuoz3Kaz8cUelp3smouvfT632ozg2vrT6lJsHKKOF59YLbOGfAWGUcKEfRMQw==",
			"dev": true,
			"license": "MIT",
			"peerDependencies": {
				"picomatch": "^3 || ^4"
			},
			"peerDependenciesMeta": {
				"picomatch": {
					"optional": true
				}
			}
		},
		"node_modules/fsevents": {
			"version": "2.3.3",
			"resolved": "https://registry.npmjs.org/fsevents/-/fsevents-2.3.3.tgz",
			"integrity": "sha512-5xoDfX+fL7faATnagmWPpbFtwh/R77WmMMqqHGS65C3vvB0YHrgF+B1YmZ3441tMj5n63k0212XNoJwzlhffQw==",
			"dev": true,
			"hasInstallScript": true,
			"license": "MIT",
			"optional": true,
			"os": [
				"darwin"
			],
			"engines": {
				"node": "^8.16.0 || ^10.6.0 || >=11.0.0"
			}
		},
		"node_modules/function-bind": {
			"version": "1.1.2",
			"resolved": "https://registry.npmjs.org/function-bind/-/function-bind-1.1.2.tgz",
			"integrity": "sha512-7XHNxH7qX9xG5mIwxkhumTox/MIRNcOgDrxWsMt2pAr23WHp6MrRlN7FBSFpCpr+oVO0F744iUgR82nJMfG2SA==",
			"dev": true,
			"license": "MIT",
			"funding": {
				"url": "https://github.com/sponsors/ljharb"
			}
		},
		"node_modules/graphql": {
			"version": "16.10.0",
			"resolved": "https://registry.npmjs.org/graphql/-/graphql-16.10.0.tgz",
			"integrity": "sha512-AjqGKbDGUFRKIRCP9tCKiIGHyriz2oHEbPIbEtcSLSs4YjReZOIPQQWek4+6hjw62H9QShXHyaGivGiYVLeYFQ==",
			"license": "MIT",
			"peer": true,
			"engines": {
				"node": "^12.22.0 || ^14.16.0 || ^16.0.0 || >=17.0.0"
			}
		},
		"node_modules/hasown": {
			"version": "2.0.2",
			"resolved": "https://registry.npmjs.org/hasown/-/hasown-2.0.2.tgz",
			"integrity": "sha512-0hJU9SCPvmMzIBdZFqNPXWa6dqh7WdH0cII9y+CyS8rG3nL48Bclra9HmKhVVUHyPWNH5Y7xDwAB7bfgSjkUMQ==",
			"dev": true,
			"license": "MIT",
			"dependencies": {
				"function-bind": "^1.1.2"
			},
			"engines": {
				"node": ">= 0.4"
			}
		},
		"node_modules/is-core-module": {
			"version": "2.16.1",
			"resolved": "https://registry.npmjs.org/is-core-module/-/is-core-module-2.16.1.tgz",
			"integrity": "sha512-UfoeMA6fIJ8wTYFEUjelnaGI67v6+N7qXJEvQuIGa99l4xsCruSYOVSQ0uPANn4dAzm8lkYPaKLrrijLq7x23w==",
			"dev": true,
			"license": "MIT",
			"dependencies": {
				"hasown": "^2.0.2"
			},
			"engines": {
				"node": ">= 0.4"
			},
			"funding": {
				"url": "https://github.com/sponsors/ljharb"
			}
		},
		"node_modules/is-module": {
			"version": "1.0.0",
			"resolved": "https://registry.npmjs.org/is-module/-/is-module-1.0.0.tgz",
			"integrity": "sha512-51ypPSPCoTEIN9dy5Oy+h4pShgJmPCygKfyRCISBI+JoWT/2oJvK8QPxmwv7b/p239jXrm9M1mlQbyKJ5A152g==",
			"dev": true,
			"license": "MIT"
		},
		"node_modules/is-reference": {
			"version": "1.2.1",
			"resolved": "https://registry.npmjs.org/is-reference/-/is-reference-1.2.1.tgz",
			"integrity": "sha512-U82MsXXiFIrjCK4otLT+o2NA2Cd2g5MLoOVXUZjIOhLurrRxpEXzI8O0KZHr3IjLvlAH1kTPYSuqer5T9ZVBKQ==",
			"dev": true,
			"license": "MIT",
			"dependencies": {
				"@types/estree": "*"
			}
		},
		"node_modules/magic-string": {
			"version": "0.30.17",
			"resolved": "https://registry.npmjs.org/magic-string/-/magic-string-0.30.17.tgz",
			"integrity": "sha512-sNPKHvyjVf7gyjwS4xGTaW/mCnF8wnjtifKBEhxfZ7E/S8tQ0rssrwGNn6q8JH/ohItJfSQp9mBtQYuTlH5QnA==",
			"dev": true,
			"license": "MIT",
			"dependencies": {
				"@jridgewell/sourcemap-codec": "^1.5.0"
			}
		},
		"node_modules/oracledb": {
			"version": "6.7.1",
			"resolved": "https://registry.npmjs.org/oracledb/-/oracledb-6.7.1.tgz",
			"integrity": "sha512-dOXqgJ8re9kw5Nv9zLlljhBcjsGCUELDD/VEecQlXl2R8IMNxJqdceR+VeKS4gAyVNzq0MOz45lXOiC8OqG1qw==",
			"dev": true,
			"hasInstallScript": true,
			"license": "(Apache-2.0 OR UPL-1.0)",
			"engines": {
				"node": ">=14.6"
			}
		},
		"node_modules/path-parse": {
			"version": "1.0.7",
			"resolved": "https://registry.npmjs.org/path-parse/-/path-parse-1.0.7.tgz",
			"integrity": "sha512-LDJzPVEEEPR+y48z93A0Ed0yXb8pAByGWo/k5YYdYgpY2/2EsOsksJrq7lOHxryrVOn1ejG6oAp8ahvOIQD8sw==",
			"dev": true,
			"license": "MIT"
		},
		"node_modules/picomatch": {
			"version": "4.0.2",
			"resolved": "https://registry.npmjs.org/picomatch/-/picomatch-4.0.2.tgz",
			"integrity": "sha512-M7BAV6Rlcy5u+m6oPhAPFgJTzAioX/6B0DxyvDlo9l8+T3nLKbrczg2WLUyzd45L8RqfUMyGPzekbMvX2Ldkwg==",
			"dev": true,
			"license": "MIT",
			"engines": {
				"node": ">=12"
			},
			"funding": {
				"url": "https://github.com/sponsors/jonschlinkert"
			}
		},
		"node_modules/resolve": {
			"version": "1.22.10",
			"resolved": "https://registry.npmjs.org/resolve/-/resolve-1.22.10.tgz",
			"integrity": "sha512-NPRy+/ncIMeDlTAsuqwKIiferiawhefFJtkNSW0qZJEqMEb+qBt/77B/jGeeek+F0uOeN05CDa6HXbbIgtVX4w==",
			"dev": true,
			"license": "MIT",
			"dependencies": {
				"is-core-module": "^2.16.0",
				"path-parse": "^1.0.7",
				"supports-preserve-symlinks-flag": "^1.0.0"
			},
			"bin": {
				"resolve": "bin/resolve"
			},
			"engines": {
				"node": ">= 0.4"
			},
			"funding": {
				"url": "https://github.com/sponsors/ljharb"
			}
		},
		"node_modules/rollup": {
			"version": "4.34.4",
			"resolved": "https://registry.npmjs.org/rollup/-/rollup-4.34.4.tgz",
			"integrity": "sha512-spF66xoyD7rz3o08sHP7wogp1gZ6itSq22SGa/IZTcUDXDlOyrShwMwkVSB+BUxFRZZCUYqdb3KWDEOMVQZxuw==",
			"dev": true,
			"license": "MIT",
			"dependencies": {
				"@types/estree": "1.0.6"
			},
			"bin": {
				"rollup": "dist/bin/rollup"
			},
			"engines": {
				"node": ">=18.0.0",
				"npm": ">=8.0.0"
			},
			"optionalDependencies": {
				"@rollup/rollup-android-arm-eabi": "4.34.4",
				"@rollup/rollup-android-arm64": "4.34.4",
				"@rollup/rollup-darwin-arm64": "4.34.4",
				"@rollup/rollup-darwin-x64": "4.34.4",
				"@rollup/rollup-freebsd-arm64": "4.34.4",
				"@rollup/rollup-freebsd-x64": "4.34.4",
				"@rollup/rollup-linux-arm-gnueabihf": "4.34.4",
				"@rollup/rollup-linux-arm-musleabihf": "4.34.4",
				"@rollup/rollup-linux-arm64-gnu": "4.34.4",
				"@rollup/rollup-linux-arm64-musl": "4.34.4",
				"@rollup/rollup-linux-loongarch64-gnu": "4.34.4",
				"@rollup/rollup-linux-powerpc64le-gnu": "4.34.4",
				"@rollup/rollup-linux-riscv64-gnu": "4.34.4",
				"@rollup/rollup-linux-s390x-gnu": "4.34.4",
				"@rollup/rollup-linux-x64-gnu": "4.34.4",
				"@rollup/rollup-linux-x64-musl": "4.34.4",
				"@rollup/rollup-win32-arm64-msvc": "4.34.4",
				"@rollup/rollup-win32-ia32-msvc": "4.34.4",
				"@rollup/rollup-win32-x64-msvc": "4.34.4",
				"fsevents": "~2.3.2"
			}
		},
		"node_modules/supports-preserve-symlinks-flag": {
			"version": "1.0.0",
			"resolved": "https://registry.npmjs.org/supports-preserve-symlinks-flag/-/supports-preserve-symlinks-flag-1.0.0.tgz",
			"integrity": "sha512-ot0WnXS9fgdkgIcePe6RHNk1WA8+muPa6cSjeR3V8K27q9BB1rTE3R1p7Hv0z1ZyAc8s6Vvv8DIyWf681MAt0w==",
			"dev": true,
			"license": "MIT",
			"engines": {
				"node": ">= 0.4"
			},
			"funding": {
				"url": "https://github.com/sponsors/ljharb"
			}
		},
		"node_modules/tslib": {
			"version": "2.8.1",
			"resolved": "https://registry.npmjs.org/tslib/-/tslib-2.8.1.tgz",
			"integrity": "sha512-oJFu94HQb+KVduSUQL7wnpmqnfmLsOA/nAh6b6EH0wCEoK0/mPeXU6c3wKDV83MkOuHPRHtSXKKU99IBazS/2w==",
			"license": "0BSD"
		},
		"node_modules/value-or-promise": {
			"version": "1.0.12",
			"resolved": "https://registry.npmjs.org/value-or-promise/-/value-or-promise-1.0.12.tgz",
			"integrity": "sha512-Z6Uz+TYwEqE7ZN50gwn+1LCVo9ZVrpxRPOhOLnncYkY1ZzOYtrX8Fwf/rFktZ8R5mJms6EZf5TqNOMeZmnPq9Q==",
			"engines": {
				"node": ">=12"
			}
		}
	}
}
